
Microsoft Visual Studio Solution File, Format Version 12.00
# Visual Studio Version 16
VisualStudioVersion = 16.0.29911.84
MinimumVisualStudioVersion = 10.0.40219.1
Project("{FAE04EC0-301F-11D3-BF4B-00C04F79EFBC}") = "EmpRepo", "EmpRepo\EmpRepo.csproj", "{B76C24BE-3828-42E7-AF6B-8524FF5304DF}"
EndProject
Global
	GlobalSection(SolutionConfigurationPlatforms) = preSolution
		Debug|Any CPU = Debug|Any CPU
		Release|Any CPU = Release|Any CPU
	EndGlobalSection
	GlobalSection(ProjectConfigurationPlatforms) = postSolution
		{B76C24BE-3828-42E7-AF6B-8524FF5304DF}.Debug|Any CPU.ActiveCfg = Debug|Any CPU
		{B76C24BE-3828-42E7-AF6B-8524FF5304DF}.Debug|Any CPU.Build.0 = Debug|Any CPU
		{B76C24BE-3828-42E7-AF6B-8524FF5304DF}.Release|Any CPU.ActiveCfg = Release|Any CPU
		{B76C24BE-3828-42E7-AF6B-8524FF5304DF}.Release|Any CPU.Build.0 = Release|Any CPU
	EndGlobalSection
	GlobalSection(SolutionProperties) = preSolution
		HideSolutionNode = FALSE
	EndGlobalSection
	GlobalSection(ExtensibilityGlobals) = postSolution
		SolutionGuid = {C337A451-53DE-4818-BED3-7957EEF55B56}
	EndGlobalSection
EndGlobal
